# This file was autogenerated by Stack.
# You should not edit this file by hand.
# For more information, please see the documentation at:
#   https://docs.haskellstack.org/en/stable/lock_files

packages:
- completed:
    hackage: twain-2.1.0.0@sha256:9b434a5290791ab370845ded0d2167377cdc1478a592b87c5f5a9d499d069ba3,1864
    pantry-tree:
      size: 500
      sha256: 09cd5490f751e8740f294483d02987a2a387b7dfd4b0db0b0d66c9cd391a9d48
  original:
    hackage: twain-2.1.0.0
snapshots:
- completed:
    size: 590100
    url: https://raw.githubusercontent.com/commercialhaskell/stackage-snapshots/master/lts/18/28.yaml
    sha256: 428ec8d5ce932190d3cbe266b9eb3c175cd81e984babf876b64019e2cbe4ea68
  original: lts-18.28
